
Microsoft Visual Studio Solution File, Format Version 12.00
# Visual Studio Version 16
VisualStudioVersion = 16.0.32228.343
MinimumVisualStudioVersion = 10.0.40219.1
Project("{FAE04EC0-301F-11D3-BF4B-00C04F79EFBC}") = "POC_LIST_SET_DICTIONARY", "POC_LIST_SET_DICTIONARY.csproj", "{748BCB96-6C0E-483B-90FA-5FE712F007FD}"
EndProject
Global
	GlobalSection(SolutionConfigurationPlatforms) = preSolution
		Debug|Any CPU = Debug|Any CPU
		Release|Any CPU = Release|Any CPU
	EndGlobalSection
	GlobalSection(ProjectConfigurationPlatforms) = postSolution
		{748BCB96-6C0E-483B-90FA-5FE712F007FD}.Debug|Any CPU.ActiveCfg = Debug|Any CPU
		{748BCB96-6C0E-483B-90FA-5FE712F007FD}.Debug|Any CPU.Build.0 = Debug|Any CPU
		{748BCB96-6C0E-483B-90FA-5FE712F007FD}.Release|Any CPU.ActiveCfg = Release|Any CPU
		{748BCB96-6C0E-483B-90FA-5FE712F007FD}.Release|Any CPU.Build.0 = Release|Any CPU
	EndGlobalSection
	GlobalSection(SolutionProperties) = preSolution
		HideSolutionNode = FALSE
	EndGlobalSection
	GlobalSection(ExtensibilityGlobals) = postSolution
		SolutionGuid = {6191180A-5A58-4F99-A54F-B4D3EF977D57}
	EndGlobalSection
EndGlobal
